
Microsoft Visual Studio Solution File, Format Version 12.00
# Visual Studio Version 17
VisualStudioVersion = 17.6.33829.357
MinimumVisualStudioVersion = 10.0.40219.1
Project("{2150E333-8FDC-42A3-9474-1A3956D46DE8}") = "lib", "lib", "{91AD361C-3066-4622-8542-573D8DB564B6}"
EndProject
Project("{2150E333-8FDC-42A3-9474-1A3956D46DE8}") = "iTin.Core.Interop", "iTin.Core.Interop", "{345204E7-6DE1-42E0-BA86-ADA26E1D0C9F}"
EndProject
Project("{9A19103F-16F7-4668-BE54-9A1E7A4F7556}") = "iTin.Core.Interop.Shared", "..\iTin.Core.Interop.Shared\src\iTin.Core.Interop.Shared.csproj", "{D98D0D3A-EA78-4D23-B2A7-A72CD250C552}"
EndProject
Project("{9A19103F-16F7-4668-BE54-9A1E7A4F7556}") = "iTin.Core.Interop.Windows.Devices.Graphics.Font", "src\iTin.Core.Interop.Windows.Devices.Graphics.Font.csproj", "{088F7774-924B-458F-93A2-AFE9658A8F58}"
EndProject
Global
	GlobalSection(SolutionConfigurationPlatforms) = preSolution
		Debug|Any CPU = Debug|Any CPU
		Release|Any CPU = Release|Any CPU
	EndGlobalSection
	GlobalSection(ProjectConfigurationPlatforms) = postSolution
		{D98D0D3A-EA78-4D23-B2A7-A72CD250C552}.Debug|Any CPU.ActiveCfg = Debug|Any CPU
		{D98D0D3A-EA78-4D23-B2A7-A72CD250C552}.Debug|Any CPU.Build.0 = Debug|Any CPU
		{D98D0D3A-EA78-4D23-B2A7-A72CD250C552}.Release|Any CPU.ActiveCfg = Release|Any CPU
		{D98D0D3A-EA78-4D23-B2A7-A72CD250C552}.Release|Any CPU.Build.0 = Release|Any CPU
		{088F7774-924B-458F-93A2-AFE9658A8F58}.Debug|Any CPU.ActiveCfg = Debug|Any CPU
		{088F7774-924B-458F-93A2-AFE9658A8F58}.Debug|Any CPU.Build.0 = Debug|Any CPU
		{088F7774-924B-458F-93A2-AFE9658A8F58}.Release|Any CPU.ActiveCfg = Release|Any CPU
		{088F7774-924B-458F-93A2-AFE9658A8F58}.Release|Any CPU.Build.0 = Release|Any CPU
	EndGlobalSection
	GlobalSection(SolutionProperties) = preSolution
		HideSolutionNode = FALSE
	EndGlobalSection
	GlobalSection(NestedProjects) = preSolution
		{345204E7-6DE1-42E0-BA86-ADA26E1D0C9F} = {91AD361C-3066-4622-8542-573D8DB564B6}
		{D98D0D3A-EA78-4D23-B2A7-A72CD250C552} = {345204E7-6DE1-42E0-BA86-ADA26E1D0C9F}
	EndGlobalSection
	GlobalSection(ExtensibilityGlobals) = postSolution
		SolutionGuid = {98742FC0-CFC6-4E9E-95F2-F5A395B71216}
	EndGlobalSection
EndGlobal
